
Microsoft Visual Studio Solution File, Format Version 12.00
# Visual Studio Version 17
VisualStudioVersion = 17.8.34322.80
MinimumVisualStudioVersion = 10.0.40219.1
Project("{FAE04EC0-301F-11D3-BF4B-00C04F79EFBC}") = "Week5LogicalOperations", "Week5LogicalOperations\Week5LogicalOperations.csproj", "{0A02595F-9F35-40C3-ADB7-EB2818B51A16}"
EndProject
Project("{FAE04EC0-301F-11D3-BF4B-00C04F79EFBC}") = "ANDOperator", "ANDOperator\ANDOperator.csproj", "{5747139C-5F6E-479A-A58E-6F02C0FB05EC}"
EndProject
Project("{FAE04EC0-301F-11D3-BF4B-00C04F79EFBC}") = "OROperator", "OROperator\OROperator.csproj", "{AD469238-1B89-482D-BD9B-2375A0194417}"
EndProject
Project("{FAE04EC0-301F-11D3-BF4B-00C04F79EFBC}") = "ANDRanges", "ANDRanges\ANDRanges.csproj", "{86923347-1728-45BF-9433-0F554AA66202}"
EndProject
Global
	GlobalSection(SolutionConfigurationPlatforms) = preSolution
		Debug|Any CPU = Debug|Any CPU
		Release|Any CPU = Release|Any CPU
	EndGlobalSection
	GlobalSection(ProjectConfigurationPlatforms) = postSolution
		{0A02595F-9F35-40C3-ADB7-EB2818B51A16}.Debug|Any CPU.ActiveCfg = Debug|Any CPU
		{0A02595F-9F35-40C3-ADB7-EB2818B51A16}.Debug|Any CPU.Build.0 = Debug|Any CPU
		{0A02595F-9F35-40C3-ADB7-EB2818B51A16}.Release|Any CPU.ActiveCfg = Release|Any CPU
		{0A02595F-9F35-40C3-ADB7-EB2818B51A16}.Release|Any CPU.Build.0 = Release|Any CPU
		{5747139C-5F6E-479A-A58E-6F02C0FB05EC}.Debug|Any CPU.ActiveCfg = Debug|Any CPU
		{5747139C-5F6E-479A-A58E-6F02C0FB05EC}.Debug|Any CPU.Build.0 = Debug|Any CPU
		{5747139C-5F6E-479A-A58E-6F02C0FB05EC}.Release|Any CPU.ActiveCfg = Release|Any CPU
		{5747139C-5F6E-479A-A58E-6F02C0FB05EC}.Release|Any CPU.Build.0 = Release|Any CPU
		{AD469238-1B89-482D-BD9B-2375A0194417}.Debug|Any CPU.ActiveCfg = Debug|Any CPU
		{AD469238-1B89-482D-BD9B-2375A0194417}.Debug|Any CPU.Build.0 = Debug|Any CPU
		{AD469238-1B89-482D-BD9B-2375A0194417}.Release|Any CPU.ActiveCfg = Release|Any CPU
		{AD469238-1B89-482D-BD9B-2375A0194417}.Release|Any CPU.Build.0 = Release|Any CPU
		{86923347-1728-45BF-9433-0F554AA66202}.Debug|Any CPU.ActiveCfg = Debug|Any CPU
		{86923347-1728-45BF-9433-0F554AA66202}.Debug|Any CPU.Build.0 = Debug|Any CPU
		{86923347-1728-45BF-9433-0F554AA66202}.Release|Any CPU.ActiveCfg = Release|Any CPU
		{86923347-1728-45BF-9433-0F554AA66202}.Release|Any CPU.Build.0 = Release|Any CPU
	EndGlobalSection
	GlobalSection(SolutionProperties) = preSolution
		HideSolutionNode = FALSE
	EndGlobalSection
	GlobalSection(ExtensibilityGlobals) = postSolution
		SolutionGuid = {C83A3338-6B98-4BD5-A72D-600AF30457B0}
	EndGlobalSection
EndGlobal
